
Microsoft Visual Studio Solution File, Format Version 12.00
# Visual Studio 15
VisualStudioVersion = 15.0.28307.102
MinimumVisualStudioVersion = 10.0.40219.1
Project("{FAE04EC0-301F-11D3-BF4B-00C04F79EFBC}") = "Steganography", "Steganography\Steganography.csproj", "{7C6DC9DE-FF81-4AF4-AB30-9956FDD1406C}"
EndProject
Global
	GlobalSection(SolutionConfigurationPlatforms) = preSolution
		Debug|Any CPU = Debug|Any CPU
		Release|Any CPU = Release|Any CPU
	EndGlobalSection
	GlobalSection(ProjectConfigurationPlatforms) = postSolution
		{7C6DC9DE-FF81-4AF4-AB30-9956FDD1406C}.Debug|Any CPU.ActiveCfg = Debug|Any CPU
		{7C6DC9DE-FF81-4AF4-AB30-9956FDD1406C}.Debug|Any CPU.Build.0 = Debug|Any CPU
		{7C6DC9DE-FF81-4AF4-AB30-9956FDD1406C}.Release|Any CPU.ActiveCfg = Release|Any CPU
		{7C6DC9DE-FF81-4AF4-AB30-9956FDD1406C}.Release|Any CPU.Build.0 = Release|Any CPU
	EndGlobalSection
	GlobalSection(SolutionProperties) = preSolution
		HideSolutionNode = FALSE
	EndGlobalSection
	GlobalSection(ExtensibilityGlobals) = postSolution
		SolutionGuid = {4FACF02A-4369-40AB-8E9F-66390AE7A367}
	EndGlobalSection
EndGlobal
